
Microsoft Visual Studio Solution File, Format Version 12.00
# Visual Studio Version 17
VisualStudioVersion = 17.0.32014.148
MinimumVisualStudioVersion = 10.0.40219.1
Project("{9A19103F-16F7-4668-BE54-9A1E7A4F7556}") = "SingleToneDesignPatternExample_01_03_22", "SingleToneDesignPatternExample_01_03_22\SingleToneDesignPatternExample_01_03_22.csproj", "{4445A2D3-9C19-4FF9-B48B-EDE65DAA3093}"
EndProject
Global
	GlobalSection(SolutionConfigurationPlatforms) = preSolution
		Debug|Any CPU = Debug|Any CPU
		Release|Any CPU = Release|Any CPU
	EndGlobalSection
	GlobalSection(ProjectConfigurationPlatforms) = postSolution
		{4445A2D3-9C19-4FF9-B48B-EDE65DAA3093}.Debug|Any CPU.ActiveCfg = Debug|Any CPU
		{4445A2D3-9C19-4FF9-B48B-EDE65DAA3093}.Debug|Any CPU.Build.0 = Debug|Any CPU
		{4445A2D3-9C19-4FF9-B48B-EDE65DAA3093}.Release|Any CPU.ActiveCfg = Release|Any CPU
		{4445A2D3-9C19-4FF9-B48B-EDE65DAA3093}.Release|Any CPU.Build.0 = Release|Any CPU
	EndGlobalSection
	GlobalSection(SolutionProperties) = preSolution
		HideSolutionNode = FALSE
	EndGlobalSection
	GlobalSection(ExtensibilityGlobals) = postSolution
		SolutionGuid = {6071EC01-3375-45D7-9E37-25868ADB3159}
	EndGlobalSection
EndGlobal
